
Microsoft Visual Studio Solution File, Format Version 12.00
# Visual Studio 2013
VisualStudioVersion = 12.0.31101.0
MinimumVisualStudioVersion = 10.0.40219.1
Project("{8BC9CEB8-8B4A-11D0-8D11-00A0C91BC942}") = "Financial_transactions", "Financial_transactions\Financial_transactions.vcxproj", "{697FE4FA-0B49-49FF-9813-722916125E1E}"
EndProject
Global
	GlobalSection(SolutionConfigurationPlatforms) = preSolution
		Debug|Win32 = Debug|Win32
		Release|Win32 = Release|Win32
	EndGlobalSection
	GlobalSection(ProjectConfigurationPlatforms) = postSolution
		{697FE4FA-0B49-49FF-9813-722916125E1E}.Debug|Win32.ActiveCfg = Debug|Win32
		{697FE4FA-0B49-49FF-9813-722916125E1E}.Debug|Win32.Build.0 = Debug|Win32
		{697FE4FA-0B49-49FF-9813-722916125E1E}.Release|Win32.ActiveCfg = Release|Win32
		{697FE4FA-0B49-49FF-9813-722916125E1E}.Release|Win32.Build.0 = Release|Win32
	EndGlobalSection
	GlobalSection(SolutionProperties) = preSolution
		HideSolutionNode = FALSE
	EndGlobalSection
EndGlobal
